
Microsoft Visual Studio Solution File, Format Version 12.00
# Visual Studio Version 16
VisualStudioVersion = 16.0.31702.278
MinimumVisualStudioVersion = 10.0.40219.1
Project("{FAE04EC0-301F-11D3-BF4B-00C04F79EFBC}") = "factorial", "factorial\factorial.csproj", "{BAFEA60A-7141-4754-8020-1C318505BD49}"
EndProject
Global
	GlobalSection(SolutionConfigurationPlatforms) = preSolution
		Debug|Any CPU = Debug|Any CPU
		Release|Any CPU = Release|Any CPU
	EndGlobalSection
	GlobalSection(ProjectConfigurationPlatforms) = postSolution
		{BAFEA60A-7141-4754-8020-1C318505BD49}.Debug|Any CPU.ActiveCfg = Debug|Any CPU
		{BAFEA60A-7141-4754-8020-1C318505BD49}.Debug|Any CPU.Build.0 = Debug|Any CPU
		{BAFEA60A-7141-4754-8020-1C318505BD49}.Release|Any CPU.ActiveCfg = Release|Any CPU
		{BAFEA60A-7141-4754-8020-1C318505BD49}.Release|Any CPU.Build.0 = Release|Any CPU
	EndGlobalSection
	GlobalSection(SolutionProperties) = preSolution
		HideSolutionNode = FALSE
	EndGlobalSection
	GlobalSection(ExtensibilityGlobals) = postSolution
		SolutionGuid = {96F08BFB-E03C-429F-BB80-809DEB557EB7}
	EndGlobalSection
EndGlobal
